// !$*UTF8*$!
{
	archiveVersion = 1;
	classes = {
	};
	objectVersion = 55;
	objects = {

/* Begin PBXBuildFile section */
		7A66714028C359C90039F310 /* AppDelegate.swift in Sources */ = {isa = PBXBuildFile; fileRef = 7A66713F28C359C90039F310 /* AppDelegate.swift */; };
		7A66714228C359C90039F310 /* SceneDelegate.swift in Sources */ = {isa = PBXBuildFile; fileRef = 7A66714128C359C90039F310 /* SceneDelegate.swift */; };
		7A66714428C359C90039F310 /* ViewController.swift in Sources */ = {isa = PBXBuildFile; fileRef = 7A66714328C359C90039F310 /* ViewController.swift */; };
		7A66714728C359C90039F310 /* Main.storyboard in Resources */ = {isa = PBXBuildFile; fileRef = 7A66714528C359C90039F310 /* Main.storyboard */; };
		7A66714928C359CA0039F310 /* Assets.xcassets in Resources */ = {isa = PBXBuildFile; fileRef = 7A66714828C359CA0039F310 /* Assets.xcassets */; };
		7A66714C28C359CA0039F310 /* LaunchScreen.storyboard in Resources */ = {isa = PBXBuildFile; fileRef = 7A66714A28C359CA0039F310 /* LaunchScreen.storyboard */; };
		7A66715428C35B9C0039F310 /* GoogleService-Info.plist in Resources */ = {isa = PBXBuildFile; fileRef = 7A66715328C35B9C0039F310 /* GoogleService-Info.plist */; };
		7A66715728C35CC80039F310 /* FirebaseAnalytics in Frameworks */ = {isa = PBXBuildFile; productRef = 7A66715628C35CC80039F310 /* FirebaseAnalytics */; };
		7A66715928C35CC80039F310 /* FirebaseAuth in Frameworks */ = {isa = PBXBuildFile; productRef = 7A66715828C35CC80039F310 /* FirebaseAuth */; };
		7A66715B28C35CC80039F310 /* FirebaseDatabase in Frameworks */ = {isa = PBXBuildFile; productRef = 7A66715A28C35CC80039F310 /* FirebaseDatabase */; };
		7A66715D28C35CC80039F310 /* FirebaseFirestore in Frameworks */ = {isa = PBXBuildFile; productRef = 7A66715C28C35CC80039F310 /* FirebaseFirestore */; };
		7A66715F28C35CC80039F310 /* FirebaseStorage in Frameworks */ = {isa = PBXBuildFile; productRef = 7A66715E28C35CC80039F310 /* FirebaseStorage */; };
		7A66716128C365760039F310 /* FeedViewController.swift in Sources */ = {isa = PBXBuildFile; fileRef = 7A66716028C365760039F310 /* FeedViewController.swift */; };
		7A66716328C365880039F310 /* UploadViewController.swift in Sources */ = {isa = PBXBuildFile; fileRef = 7A66716228C365880039F310 /* UploadViewController.swift */; };
		7A66716528C365A10039F310 /* SettingsViewController.swift in Sources */ = {isa = PBXBuildFile; fileRef = 7A66716428C365A10039F310 /* SettingsViewController.swift */; };
		7A66716728C3A9740039F310 /* FeedCell.swift in Sources */ = {isa = PBXBuildFile; fileRef = 7A66716628C3A9740039F310 /* FeedCell.swift */; };
		7A75C69928C4D444001C9867 /* SDWebImage in Frameworks */ = {isa = PBXBuildFile; productRef = 7A75C69828C4D444001C9867 /* SDWebImage */; };
		7A75C69B28C4D444001C9867 /* SDWebImageMapKit in Frameworks */ = {isa = PBXBuildFile; productRef = 7A75C69A28C4D444001C9867 /* SDWebImageMapKit */; };
/* End PBXBuildFile section */

/* Begin PBXFileReference section */
		7A66713C28C359C90039F310 /* InstaCloneFirebase1.app */ = {isa = PBXFileReference; explicitFileType = wrapper.application; includeInIndex = 0; path = InstaCloneFirebase1.app; sourceTree = BUILT_PRODUCTS_DIR; };
		7A66713F28C359C90039F310 /* AppDelegate.swift */ = {isa = PBXFileReference; lastKnownFileType = sourcecode.swift; path = AppDelegate.swift; sourceTree = "<group>"; };
		7A66714128C359C90039F310 /* SceneDelegate.swift */ = {isa = PBXFileReference; lastKnownFileType = sourcecode.swift; path = SceneDelegate.swift; sourceTree = "<group>"; };
		7A66714328C359C90039F310 /* ViewController.swift */ = {isa = PBXFileReference; lastKnownFileType = sourcecode.swift; path = ViewController.swift; sourceTree = "<group>"; };
		7A66714628C359C90039F310 /* Base */ = {isa = PBXFileReference; lastKnownFileType = file.storyboard; name = Base; path = Base.lproj/Main.storyboard; sourceTree = "<group>"; };
		7A66714828C359CA0039F310 /* Assets.xcassets */ = {isa = PBXFileReference; lastKnownFileType = folder.assetcatalog; path = Assets.xcassets; sourceTree = "<group>"; };
		7A66714B28C359CA0039F310 /* Base */ = {isa = PBXFileReference; lastKnownFileType = file.storyboard; name = Base; path = Base.lproj/LaunchScreen.storyboard; sourceTree = "<group>"; };
		7A66714D28C359CA0039F310 /* Info.plist */ = {isa = PBXFileReference; lastKnownFileType = text.plist.xml; path = Info.plist; sourceTree = "<group>"; };
		7A66715328C35B9C0039F310 /* GoogleService-Info.plist */ = {isa = PBXFileReference; fileEncoding = 4; lastKnownFileType = text.plist.xml; path = "GoogleService-Info.plist"; sourceTree = "<group>"; };
		7A66716028C365760039F310 /* FeedViewController.swift */ = {isa = PBXFileReference; lastKnownFileType = sourcecode.swift; path = FeedViewController.swift; sourceTree = "<group>"; };
		7A66716228C365880039F310 /* UploadViewController.swift */ = {isa = PBXFileReference; lastKnownFileType = sourcecode.swift; path = UploadViewController.swift; sourceTree = "<group>"; };
		7A66716428C365A10039F310 /* SettingsViewController.swift */ = {isa = PBXFileReference; lastKnownFileType = sourcecode.swift; path = SettingsViewController.swift; sourceTree = "<group>"; };
		7A66716628C3A9740039F310 /* FeedCell.swift */ = {isa = PBXFileReference; lastKnownFileType = sourcecode.swift; path = FeedCell.swift; sourceTree = "<group>"; };
/* End PBXFileReference section */

/* Begin PBXFrameworksBuildPhase section */
		7A66713928C359C90039F310 /* Frameworks */ = {
			isa = PBXFrameworksBuildPhase;
			buildActionMask = 2147483647;
			files = (
				7A75C69928C4D444001C9867 /* SDWebImage in Frameworks */,
				7A66715B28C35CC80039F310 /* FirebaseDatabase in Frameworks */,
				7A66715D28C35CC80039F310 /* FirebaseFirestore in Frameworks */,
				7A66715728C35CC80039F310 /* FirebaseAnalytics in Frameworks */,
				7A66715F28C35CC80039F310 /* FirebaseStorage in Frameworks */,
				7A75C69B28C4D444001C9867 /* SDWebImageMapKit in Frameworks */,
				7A66715928C35CC80039F310 /* FirebaseAuth in Frameworks */,
			);
			runOnlyForDeploymentPostprocessing = 0;
		};
/* End PBXFrameworksBuildPhase section */

/* Begin PBXGroup section */
		7A66713328C359C90039F310 = {
			isa = PBXGroup;
			children = (
				7A66713E28C359C90039F310 /* InstaCloneFirebase1 */,
				7A66713D28C359C90039F310 /* Products */,
			);
			sourceTree = "<group>";
		};
		7A66713D28C359C90039F310 /* Products */ = {
			isa = PBXGroup;
			children = (
				7A66713C28C359C90039F310 /* InstaCloneFirebase1.app */,
			);
			name = Products;
			sourceTree = "<group>";
		};
		7A66713E28C359C90039F310 /* InstaCloneFirebase1 */ = {
			isa = PBXGroup;
			children = (
				7A66713F28C359C90039F310 /* AppDelegate.swift */,
				7A66714128C359C90039F310 /* SceneDelegate.swift */,
				7A66714328C359C90039F310 /* ViewController.swift */,
				7A66716028C365760039F310 /* FeedViewController.swift */,
				7A66716228C365880039F310 /* UploadViewController.swift */,
				7A66716428C365A10039F310 /* SettingsViewController.swift */,
				7A66716628C3A9740039F310 /* FeedCell.swift */,
				7A66714528C359C90039F310 /* Main.storyboard */,
				7A66714828C359CA0039F310 /* Assets.xcassets */,
				7A66715328C35B9C0039F310 /* GoogleService-Info.plist */,
				7A66714A28C359CA0039F310 /* LaunchScreen.storyboard */,
				7A66714D28C359CA0039F310 /* Info.plist */,
			);
			path = InstaCloneFirebase1;
			sourceTree = "<group>";
		};
/* End PBXGroup section */

/* Begin PBXNativeTarget section */
		7A66713B28C359C90039F310 /* InstaCloneFirebase1 */ = {
			isa = PBXNativeTarget;
			buildConfigurationList = 7A66715028C359CA0039F310 /* Build configuration list for PBXNativeTarget "InstaCloneFirebase1" */;
			buildPhases = (
				7A66713828C359C90039F310 /* Sources */,
				7A66713928C359C90039F310 /* Frameworks */,
				7A66713A28C359C90039F310 /* Resources */,
			);
			buildRules = (
			);
			dependencies = (
			);
			name = InstaCloneFirebase1;
			packageProductDependencies = (
				7A66715628C35CC80039F310 /* FirebaseAnalytics */,
				7A66715828C35CC80039F310 /* FirebaseAuth */,
				7A66715A28C35CC80039F310 /* FirebaseDatabase */,
				7A66715C28C35CC80039F310 /* FirebaseFirestore */,
				7A66715E28C35CC80039F310 /* FirebaseStorage */,
				7A75C69828C4D444001C9867 /* SDWebImage */,
				7A75C69A28C4D444001C9867 /* SDWebImageMapKit */,
			);
			productName = InstaCloneFirebase1;
			productReference = 7A66713C28C359C90039F310 /* InstaCloneFirebase1.app */;
			productType = "com.apple.product-type.application";
		};
/* End PBXNativeTarget section */

/* Begin PBXProject section */
		7A66713428C359C90039F310 /* Project object */ = {
			isa = PBXProject;
			attributes = {
				BuildIndependentTargetsInParallel = 1;
				LastSwiftUpdateCheck = 1340;
				LastUpgradeCheck = 1340;
				TargetAttributes = {
					7A66713B28C359C90039F310 = {
						CreatedOnToolsVersion = 13.4.1;
					};
				};
			};
			buildConfigurationList = 7A66713728C359C90039F310 /* Build configuration list for PBXProject "InstaCloneFirebase1" */;
			compatibilityVersion = "Xcode 13.0";
			developmentRegion = en;
			hasScannedForEncodings = 0;
			knownRegions = (
				en,
				Base,
			);
			mainGroup = 7A66713328C359C90039F310;
			packageReferences = (
				7A66715528C35CC80039F310 /* XCRemoteSwiftPackageReference "firebase-ios-sdk" */,
				7A75C69728C4D444001C9867 /* XCRemoteSwiftPackageReference "SDWebImage" */,
			);
			productRefGroup = 7A66713D28C359C90039F310 /* Products */;
			projectDirPath = "";
			projectRoot = "";
			targets = (
				7A66713B28C359C90039F310 /* InstaCloneFirebase1 */,
			);
		};
/* End PBXProject section */

/* Begin PBXResourcesBuildPhase section */
		7A66713A28C359C90039F310 /* Resources */ = {
			isa = PBXResourcesBuildPhase;
			buildActionMask = 2147483647;
			files = (
				7A66714C28C359CA0039F310 /* LaunchScreen.storyboard in Resources */,
				7A66715428C35B9C0039F310 /* GoogleService-Info.plist in Resources */,
				7A66714928C359CA0039F310 /* Assets.xcassets in Resources */,
				7A66714728C359C90039F310 /* Main.storyboard in Resources */,
			);
			runOnlyForDeploymentPostprocessing = 0;
		};
/* End PBXResourcesBuildPhase section */

/* Begin PBXSourcesBuildPhase section */
		7A66713828C359C90039F310 /* Sources */ = {
			isa = PBXSourcesBuildPhase;
			buildActionMask = 2147483647;
			files = (
				7A66716728C3A9740039F310 /* FeedCell.swift in Sources */,
				7A66714428C359C90039F310 /* ViewController.swift in Sources */,
				7A66716328C365880039F310 /* UploadViewController.swift in Sources */,
				7A66714028C359C90039F310 /* AppDelegate.swift in Sources */,
				7A66716128C365760039F310 /* FeedViewController.swift in Sources */,
				7A66714228C359C90039F310 /* SceneDelegate.swift in Sources */,
				7A66716528C365A10039F310 /* SettingsViewController.swift in Sources */,
			);
			runOnlyForDeploymentPostprocessing = 0;
		};
/* End PBXSourcesBuildPhase section */

/* Begin PBXVariantGroup section */
		7A66714528C359C90039F310 /* Main.storyboard */ = {
			isa = PBXVariantGroup;
			children = (
				7A66714628C359C90039F310 /* Base */,
			);
			name = Main.storyboard;
			sourceTree = "<group>";
		};
		7A66714A28C359CA0039F310 /* LaunchScreen.storyboard */ = {
			isa = PBXVariantGroup;
			children = (
				7A66714B28C359CA0039F310 /* Base */,
			);
			name = LaunchScreen.storyboard;
			sourceTree = "<group>";
		};
/* End PBXVariantGroup section */

/* Begin XCBuildConfiguration section */
		7A66714E28C359CA0039F310 /* Debug */ = {
			isa = XCBuildConfiguration;
			buildSettings = {
				ALWAYS_SEARCH_USER_PATHS = NO;
				CLANG_ANALYZER_NONNULL = YES;
				CLANG_ANALYZER_NUMBER_OBJECT_CONVERSION = YES_AGGRESSIVE;
				CLANG_CXX_LANGUAGE_STANDARD = "gnu++17";
				CLANG_ENABLE_MODULES = YES;
				CLANG_ENABLE_OBJC_ARC = YES;
				CLANG_ENABLE_OBJC_WEAK = YES;
				CLANG_WARN_BLOCK_CAPTURE_AUTORELEASING = YES;
				CLANG_WARN_BOOL_CONVERSION = YES;
				CLANG_WARN_COMMA = YES;
				CLANG_WARN_CONSTANT_CONVERSION = YES;
				CLANG_WARN_DEPRECATED_OBJC_IMPLEMENTATIONS = YES;
				CLANG_WARN_DIRECT_OBJC_ISA_USAGE = YES_ERROR;
				CLANG_WARN_DOCUMENTATION_COMMENTS = YES;
				CLANG_WARN_EMPTY_BODY = YES;
				CLANG_WARN_ENUM_CONVERSION = YES;
				CLANG_WARN_INFINITE_RECURSION = YES;
				CLANG_WARN_INT_CONVERSION = YES;
				CLANG_WARN_NON_LITERAL_NULL_CONVERSION = YES;
				CLANG_WARN_OBJC_IMPLICIT_RETAIN_SELF = YES;
				CLANG_WARN_OBJC_LITERAL_CONVERSION = YES;
				CLANG_WARN_OBJC_ROOT_CLASS = YES_ERROR;
				CLANG_WARN_QUOTED_INCLUDE_IN_FRAMEWORK_HEADER = YES;
				CLANG_WARN_RANGE_LOOP_ANALYSIS = YES;
				CLANG_WARN_STRICT_PROTOTYPES = YES;
				CLANG_WARN_SUSPICIOUS_MOVE = YES;
				CLANG_WARN_UNGUARDED_AVAILABILITY = YES_AGGRESSIVE;
				CLANG_WARN_UNREACHABLE_CODE = YES;
				CLANG_WARN__DUPLICATE_METHOD_MATCH = YES;
				COPY_PHASE_STRIP = NO;
				DEBUG_INFORMATION_FORMAT = dwarf;
				ENABLE_STRICT_OBJC_MSGSEND = YES;
				ENABLE_TESTABILITY = YES;
				GCC_C_LANGUAGE_STANDARD = gnu11;
				GCC_DYNAMIC_NO_PIC = NO;
				GCC_NO_COMMON_BLOCKS = YES;
				GCC_OPTIMIZATION_LEVEL = 0;
				GCC_PREPROCESSOR_DEFINITIONS = (
					"DEBUG=1",
					"$(inherited)",
				);
				GCC_WARN_64_TO_32_BIT_CONVERSION = YES;
				GCC_WARN_ABOUT_RETURN_TYPE = YES_ERROR;
				GCC_WARN_UNDECLARED_SELECTOR = YES;
				GCC_WARN_UNINITIALIZED_AUTOS = YES_AGGRESSIVE;
				GCC_WARN_UNUSED_FUNCTION = YES;
				GCC_WARN_UNUSED_VARIABLE = YES;
				IPHONEOS_DEPLOYMENT_TARGET = 15.5;
				MTL_ENABLE_DEBUG_INFO = INCLUDE_SOURCE;
				MTL_FAST_MATH = YES;
				ONLY_ACTIVE_ARCH = YES;
				SDKROOT = iphoneos;
				SWIFT_ACTIVE_COMPILATION_CONDITIONS = DEBUG;
				SWIFT_OPTIMIZATION_LEVEL = "-Onone";
			};
			name = Debug;
		};
		7A66714F28C359CA0039F310 /* Release */ = {
			isa = XCBuildConfiguration;
			buildSettings = {
				ALWAYS_SEARCH_USER_PATHS = NO;
				CLANG_ANALYZER_NONNULL = YES;
				CLANG_ANALYZER_NUMBER_OBJECT_CONVERSION = YES_AGGRESSIVE;
				CLANG_CXX_LANGUAGE_STANDARD = "gnu++17";
				CLANG_ENABLE_MODULES = YES;
				CLANG_ENABLE_OBJC_ARC = YES;
				CLANG_ENABLE_OBJC_WEAK = YES;
				CLANG_WARN_BLOCK_CAPTURE_AUTORELEASING = YES;
				CLANG_WARN_BOOL_CONVERSION = YES;
				CLANG_WARN_COMMA = YES;
				CLANG_WARN_CONSTANT_CONVERSION = YES;
				CLANG_WARN_DEPRECATED_OBJC_IMPLEMENTATIONS = YES;
				CLANG_WARN_DIRECT_OBJC_ISA_USAGE = YES_ERROR;
				CLANG_WARN_DOCUMENTATION_COMMENTS = YES;
				CLANG_WARN_EMPTY_BODY = YES;
				CLANG_WARN_ENUM_CONVERSION = YES;
				CLANG_WARN_INFINITE_RECURSION = YES;
				CLANG_WARN_INT_CONVERSION = YES;
				CLANG_WARN_NON_LITERAL_NULL_CONVERSION = YES;
				CLANG_WARN_OBJC_IMPLICIT_RETAIN_SELF = YES;
				CLANG_WARN_OBJC_LITERAL_CONVERSION = YES;
				CLANG_WARN_OBJC_ROOT_CLASS = YES_ERROR;
				CLANG_WARN_QUOTED_INCLUDE_IN_FRAMEWORK_HEADER = YES;
				CLANG_WARN_RANGE_LOOP_ANALYSIS = YES;
				CLANG_WARN_STRICT_PROTOTYPES = YES;
				CLANG_WARN_SUSPICIOUS_MOVE = YES;
				CLANG_WARN_UNGUARDED_AVAILABILITY = YES_AGGRESSIVE;
				CLANG_WARN_UNREACHABLE_CODE = YES;
				CLANG_WARN__DUPLICATE_METHOD_MATCH = YES;
				COPY_PHASE_STRIP = NO;
				DEBUG_INFORMATION_FORMAT = "dwarf-with-dsym";
				ENABLE_NS_ASSERTIONS = NO;
				ENABLE_STRICT_OBJC_MSGSEND = YES;
				GCC_C_LANGUAGE_STANDARD = gnu11;
				GCC_NO_COMMON_BLOCKS = YES;
				GCC_WARN_64_TO_32_BIT_CONVERSION = YES;
				GCC_WARN_ABOUT_RETURN_TYPE = YES_ERROR;
				GCC_WARN_UNDECLARED_SELECTOR = YES;
				GCC_WARN_UNINITIALIZED_AUTOS = YES_AGGRESSIVE;
				GCC_WARN_UNUSED_FUNCTION = YES;
				GCC_WARN_UNUSED_VARIABLE = YES;
				IPHONEOS_DEPLOYMENT_TARGET = 15.5;
				MTL_ENABLE_DEBUG_INFO = NO;
				MTL_FAST_MATH = YES;
				SDKROOT = iphoneos;
				SWIFT_COMPILATION_MODE = wholemodule;
				SWIFT_OPTIMIZATION_LEVEL = "-O";
				VALIDATE_PRODUCT = YES;
			};
			name = Release;
		};
		7A66715128C359CA0039F310 /* Debug */ = {
			isa = XCBuildConfiguration;
			buildSettings = {
				ASSETCATALOG_COMPILER_APPICON_NAME = AppIcon;
				ASSETCATALOG_COMPILER_GLOBAL_ACCENT_COLOR_NAME = AccentColor;
				CODE_SIGN_STYLE = Automatic;
				CURRENT_PROJECT_VERSION = 1;
				GENERATE_INFOPLIST_FILE = YES;
				INFOPLIST_FILE = InstaCloneFirebase1/Info.plist;
				INFOPLIST_KEY_UIApplicationSupportsIndirectInputEvents = YES;
				INFOPLIST_KEY_UILaunchStoryboardName = LaunchScreen;
				INFOPLIST_KEY_UIMainStoryboardFile = Main;
				INFOPLIST_KEY_UISupportedInterfaceOrientations_iPad = "UIInterfaceOrientationPortrait UIInterfaceOrientationPortraitUpsideDown UIInterfaceOrientationLandscapeLeft UIInterfaceOrientationLandscapeRight";
				INFOPLIST_KEY_UISupportedInterfaceOrientations_iPhone = "UIInterfaceOrientationPortrait UIInterfaceOrientationLandscapeLeft UIInterfaceOrientationLandscapeRight";
				LD_RUNPATH_SEARCH_PATHS = (
					"$(inherited)",
					"@executable_path/Frameworks",
				);
				MARKETING_VERSION = 1.0;
				PRODUCT_BUNDLE_IDENTIFIER = com.suleymanyalcinkaya.InstaCloneFirebase1;
				PRODUCT_NAME = "$(TARGET_NAME)";
				SWIFT_EMIT_LOC_STRINGS = YES;
				SWIFT_VERSION = 5.0;
				TARGETED_DEVICE_FAMILY = "1,2";
			};
			name = Debug;
		};
		7A66715228C359CA0039F310 /* Release */ = {
			isa = XCBuildConfiguration;
			buildSettings = {
				ASSETCATALOG_COMPILER_APPICON_NAME = AppIcon;
				ASSETCATALOG_COMPILER_GLOBAL_ACCENT_COLOR_NAME = AccentColor;
				CODE_SIGN_STYLE = Automatic;
				CURRENT_PROJECT_VERSION = 1;
				GENERATE_INFOPLIST_FILE = YES;
				INFOPLIST_FILE = InstaCloneFirebase1/Info.plist;
				INFOPLIST_KEY_UIApplicationSupportsIndirectInputEvents = YES;
				INFOPLIST_KEY_UILaunchStoryboardName = LaunchScreen;
				INFOPLIST_KEY_UIMainStoryboardFile = Main;
				INFOPLIST_KEY_UISupportedInterfaceOrientations_iPad = "UIInterfaceOrientationPortrait UIInterfaceOrientationPortraitUpsideDown UIInterfaceOrientationLandscapeLeft UIInterfaceOrientationLandscapeRight";
				INFOPLIST_KEY_UISupportedInterfaceOrientations_iPhone = "UIInterfaceOrientationPortrait UIInterfaceOrientationLandscapeLeft UIInterfaceOrientationLandscapeRight";
				LD_RUNPATH_SEARCH_PATHS = (
					"$(inherited)",
					"@executable_path/Frameworks",
				);
				MARKETING_VERSION = 1.0;
				PRODUCT_BUNDLE_IDENTIFIER = com.suleymanyalcinkaya.InstaCloneFirebase1;
				PRODUCT_NAME = "$(TARGET_NAME)";
				SWIFT_EMIT_LOC_STRINGS = YES;
				SWIFT_VERSION = 5.0;
				TARGETED_DEVICE_FAMILY = "1,2";
			};
			name = Release;
		};
/* End XCBuildConfiguration section */

/* Begin XCConfigurationList section */
		7A66713728C359C90039F310 /* Build configuration list for PBXProject "InstaCloneFirebase1" */ = {
			isa = XCConfigurationList;
			buildConfigurations = (
				7A66714E28C359CA0039F310 /* Debug */,
				7A66714F28C359CA0039F310 /* Release */,
			);
			defaultConfigurationIsVisible = 0;
			defaultConfigurationName = Release;
		};
		7A66715028C359CA0039F310 /* Build configuration list for PBXNativeTarget "InstaCloneFirebase1" */ = {
			isa = XCConfigurationList;
			buildConfigurations = (
				7A66715128C359CA0039F310 /* Debug */,
				7A66715228C359CA0039F310 /* Release */,
			);
			defaultConfigurationIsVisible = 0;
			defaultConfigurationName = Release;
		};
/* End XCConfigurationList section */

/* Begin XCRemoteSwiftPackageReference section */
		7A66715528C35CC80039F310 /* XCRemoteSwiftPackageReference "firebase-ios-sdk" */ = {
			isa = XCRemoteSwiftPackageReference;
			repositoryURL = "https://github.com/firebase/firebase-ios-sdk.git";
			requirement = {
				branch = master;
				kind = branch;
			};
		};
		7A75C69728C4D444001C9867 /* XCRemoteSwiftPackageReference "SDWebImage" */ = {
			isa = XCRemoteSwiftPackageReference;
			repositoryURL = "https://github.com/SDWebImage/SDWebImage";
			requirement = {
				kind = upToNextMajorVersion;
				minimumVersion = 5.0.0;
			};
		};
/* End XCRemoteSwiftPackageReference section */

/* Begin XCSwiftPackageProductDependency section */
		7A66715628C35CC80039F310 /* FirebaseAnalytics */ = {
			isa = XCSwiftPackageProductDependency;
			package = 7A66715528C35CC80039F310 /* XCRemoteSwiftPackageReference "firebase-ios-sdk" */;
			productName = FirebaseAnalytics;
		};
		7A66715828C35CC80039F310 /* FirebaseAuth */ = {
			isa = XCSwiftPackageProductDependency;
			package = 7A66715528C35CC80039F310 /* XCRemoteSwiftPackageReference "firebase-ios-sdk" */;
			productName = FirebaseAuth;
		};
		7A66715A28C35CC80039F310 /* FirebaseDatabase */ = {
			isa = XCSwiftPackageProductDependency;
			package = 7A66715528C35CC80039F310 /* XCRemoteSwiftPackageReference "firebase-ios-sdk" */;
			productName = FirebaseDatabase;
		};
		7A66715C28C35CC80039F310 /* FirebaseFirestore */ = {
			isa = XCSwiftPackageProductDependency;
			package = 7A66715528C35CC80039F310 /* XCRemoteSwiftPackageReference "firebase-ios-sdk" */;
			productName = FirebaseFirestore;
		};
		7A66715E28C35CC80039F310 /* FirebaseStorage */ = {
			isa = XCSwiftPackageProductDependency;
			package = 7A66715528C35CC80039F310 /* XCRemoteSwiftPackageReference "firebase-ios-sdk" */;
			productName = FirebaseStorage;
		};
		7A75C69828C4D444001C9867 /* SDWebImage */ = {
			isa = XCSwiftPackageProductDependency;
			package = 7A75C69728C4D444001C9867 /* XCRemoteSwiftPackageReference "SDWebImage" */;
			productName = SDWebImage;
		};
		7A75C69A28C4D444001C9867 /* SDWebImageMapKit */ = {
			isa = XCSwiftPackageProductDependency;
			package = 7A75C69728C4D444001C9867 /* XCRemoteSwiftPackageReference "SDWebImage" */;
			productName = SDWebImageMapKit;
		};
/* End XCSwiftPackageProductDependency section */
	};
	rootObject = 7A66713428C359C90039F310 /* Project object */;
}
